
Microsoft Visual Studio Solution File, Format Version 12.00
# Visual Studio Version 16
VisualStudioVersion = 16.0.30907.101
MinimumVisualStudioVersion = 10.0.40219.1
Project("{9A19103F-16F7-4668-BE54-9A1E7A4F7556}") = "pg-common", "pg-common.csproj", "{8CA95ECB-8D87-42E7-B3CE-11D52AC095D4}"
EndProject
Global
	GlobalSection(SolutionConfigurationPlatforms) = preSolution
		debug|Any CPU = debug|Any CPU
		release|Any CPU = release|Any CPU
	EndGlobalSection
	GlobalSection(ProjectConfigurationPlatforms) = postSolution
		{8CA95ECB-8D87-42E7-B3CE-11D52AC095D4}.debug|Any CPU.ActiveCfg = Debug|Any CPU
		{8CA95ECB-8D87-42E7-B3CE-11D52AC095D4}.debug|Any CPU.Build.0 = Debug|Any CPU
		{8CA95ECB-8D87-42E7-B3CE-11D52AC095D4}.release|Any CPU.ActiveCfg = Release|Any CPU
		{8CA95ECB-8D87-42E7-B3CE-11D52AC095D4}.release|Any CPU.Build.0 = Release|Any CPU
	EndGlobalSection
	GlobalSection(SolutionProperties) = preSolution
		HideSolutionNode = FALSE
	EndGlobalSection
	GlobalSection(ExtensibilityGlobals) = postSolution
		SolutionGuid = {EA706E1B-A50A-49FA-9F56-06A320A53F41}
	EndGlobalSection
EndGlobal
