
Microsoft Visual Studio Solution File, Format Version 12.00
# Visual Studio Version 16
VisualStudioVersion = 16.0.30907.101
MinimumVisualStudioVersion = 10.0.40219.1
Project("{D954291E-2A0B-460D-934E-DC6B0785DB48}") = "pg-common", "pg-common.shproj", "{A7075D9C-3B65-44F8-B634-F60E270E050D}"
EndProject
Global
	GlobalSection(SharedMSBuildProjectFiles) = preSolution
		pg-common.projitems*{a7075d9c-3b65-44f8-b634-f60e270e050d}*SharedItemsImports = 13
	EndGlobalSection
	GlobalSection(SolutionProperties) = preSolution
		HideSolutionNode = FALSE
	EndGlobalSection
	GlobalSection(ExtensibilityGlobals) = postSolution
		SolutionGuid = {EA706E1B-A50A-49FA-9F56-06A320A53F41}
	EndGlobalSection
EndGlobal
